// !$*UTF8*$!
{
	archiveVersion = 1;
	classes = {
	};
	objectVersion = 52;
	objects = {

/* Begin PBXBuildFile section */
		99B3D1B9265CE365008239CE /* TaskerApp.swift in Sources */ = {isa = PBXBuildFile; fileRef = 99B3D1B8265CE365008239CE /* TaskerApp.swift */; };
		99B3D1BB265CE365008239CE /* ContentView.swift in Sources */ = {isa = PBXBuildFile; fileRef = 99B3D1BA265CE365008239CE /* ContentView.swift */; };
		99B3D1BD265CE366008239CE /* Assets.xcassets in Resources */ = {isa = PBXBuildFile; fileRef = 99B3D1BC265CE366008239CE /* Assets.xcassets */; };
		99B3D1C0265CE366008239CE /* Preview Assets.xcassets in Resources */ = {isa = PBXBuildFile; fileRef = 99B3D1BF265CE366008239CE /* Preview Assets.xcassets */; };
		99B3D1CA265CEC3C008239CE /* Realm in Frameworks */ = {isa = PBXBuildFile; productRef = 99B3D1C9265CEC3C008239CE /* Realm */; };
		99B3D1CC265CEC3C008239CE /* RealmSwift in Frameworks */ = {isa = PBXBuildFile; productRef = 99B3D1CB265CEC3C008239CE /* RealmSwift */; };
		99B3D1D1265CEC62008239CE /* RealmPersistentInitializer.swift in Sources */ = {isa = PBXBuildFile; fileRef = 99B3D1D0265CEC62008239CE /* RealmPersistentInitializer.swift */; };
		99B3D1D6265CED20008239CE /* Task.swift in Sources */ = {isa = PBXBuildFile; fileRef = 99B3D1D5265CED20008239CE /* Task.swift */; };
		99B3D1DB265CEE60008239CE /* TaskStore.swift in Sources */ = {isa = PBXBuildFile; fileRef = 99B3D1DA265CEE60008239CE /* TaskStore.swift */; };
/* End PBXBuildFile section */

/* Begin PBXFileReference section */
		99B3D1B5265CE365008239CE /* Tasker.app */ = {isa = PBXFileReference; explicitFileType = wrapper.application; includeInIndex = 0; path = Tasker.app; sourceTree = BUILT_PRODUCTS_DIR; };
		99B3D1B8265CE365008239CE /* TaskerApp.swift */ = {isa = PBXFileReference; lastKnownFileType = sourcecode.swift; path = TaskerApp.swift; sourceTree = "<group>"; };
		99B3D1BA265CE365008239CE /* ContentView.swift */ = {isa = PBXFileReference; lastKnownFileType = sourcecode.swift; path = ContentView.swift; sourceTree = "<group>"; };
		99B3D1BC265CE366008239CE /* Assets.xcassets */ = {isa = PBXFileReference; lastKnownFileType = folder.assetcatalog; path = Assets.xcassets; sourceTree = "<group>"; };
		99B3D1BF265CE366008239CE /* Preview Assets.xcassets */ = {isa = PBXFileReference; lastKnownFileType = folder.assetcatalog; path = "Preview Assets.xcassets"; sourceTree = "<group>"; };
		99B3D1C1265CE366008239CE /* Info.plist */ = {isa = PBXFileReference; lastKnownFileType = text.plist.xml; path = Info.plist; sourceTree = "<group>"; };
		99B3D1D0265CEC62008239CE /* RealmPersistentInitializer.swift */ = {isa = PBXFileReference; lastKnownFileType = sourcecode.swift; path = RealmPersistentInitializer.swift; sourceTree = "<group>"; };
		99B3D1D5265CED20008239CE /* Task.swift */ = {isa = PBXFileReference; lastKnownFileType = sourcecode.swift; path = Task.swift; sourceTree = "<group>"; };
		99B3D1DA265CEE60008239CE /* TaskStore.swift */ = {isa = PBXFileReference; lastKnownFileType = sourcecode.swift; path = TaskStore.swift; sourceTree = "<group>"; };
/* End PBXFileReference section */

/* Begin PBXFrameworksBuildPhase section */
		99B3D1B2265CE365008239CE /* Frameworks */ = {
			isa = PBXFrameworksBuildPhase;
			buildActionMask = 2147483647;
			files = (
				99B3D1CC265CEC3C008239CE /* RealmSwift in Frameworks */,
				99B3D1CA265CEC3C008239CE /* Realm in Frameworks */,
			);
			runOnlyForDeploymentPostprocessing = 0;
		};
/* End PBXFrameworksBuildPhase section */

/* Begin PBXGroup section */
		99B3D1AC265CE365008239CE = {
			isa = PBXGroup;
			children = (
				99B3D1B7265CE365008239CE /* Tasker */,
				99B3D1B6265CE365008239CE /* Products */,
			);
			sourceTree = "<group>";
		};
		99B3D1B6265CE365008239CE /* Products */ = {
			isa = PBXGroup;
			children = (
				99B3D1B5265CE365008239CE /* Tasker.app */,
			);
			name = Products;
			sourceTree = "<group>";
		};
		99B3D1B7265CE365008239CE /* Tasker */ = {
			isa = PBXGroup;
			children = (
				99B3D1D9265CEE52008239CE /* stores */,
				99B3D1D3265CED08008239CE /* models */,
				99B3D1CE265CEC4B008239CE /* realm */,
				99B3D1B8265CE365008239CE /* TaskerApp.swift */,
				99B3D1BA265CE365008239CE /* ContentView.swift */,
				99B3D1BC265CE366008239CE /* Assets.xcassets */,
				99B3D1C1265CE366008239CE /* Info.plist */,
				99B3D1BE265CE366008239CE /* Preview Content */,
			);
			path = Tasker;
			sourceTree = "<group>";
		};
		99B3D1BE265CE366008239CE /* Preview Content */ = {
			isa = PBXGroup;
			children = (
				99B3D1BF265CE366008239CE /* Preview Assets.xcassets */,
			);
			path = "Preview Content";
			sourceTree = "<group>";
		};
		99B3D1CE265CEC4B008239CE /* realm */ = {
			isa = PBXGroup;
			children = (
				99B3D1D0265CEC62008239CE /* RealmPersistentInitializer.swift */,
			);
			path = realm;
			sourceTree = "<group>";
		};
		99B3D1D3265CED08008239CE /* models */ = {
			isa = PBXGroup;
			children = (
				99B3D1D5265CED20008239CE /* Task.swift */,
			);
			path = models;
			sourceTree = "<group>";
		};
		99B3D1D9265CEE52008239CE /* stores */ = {
			isa = PBXGroup;
			children = (
				99B3D1DA265CEE60008239CE /* TaskStore.swift */,
			);
			path = stores;
			sourceTree = "<group>";
		};
/* End PBXGroup section */

/* Begin PBXNativeTarget section */
		99B3D1B4265CE365008239CE /* Tasker */ = {
			isa = PBXNativeTarget;
			buildConfigurationList = 99B3D1C4265CE366008239CE /* Build configuration list for PBXNativeTarget "Tasker" */;
			buildPhases = (
				99B3D1B1265CE365008239CE /* Sources */,
				99B3D1B2265CE365008239CE /* Frameworks */,
				99B3D1B3265CE365008239CE /* Resources */,
			);
			buildRules = (
			);
			dependencies = (
			);
			name = Tasker;
			packageProductDependencies = (
				99B3D1C9265CEC3C008239CE /* Realm */,
				99B3D1CB265CEC3C008239CE /* RealmSwift */,
			);
			productName = Tasker;
			productReference = 99B3D1B5265CE365008239CE /* Tasker.app */;
			productType = "com.apple.product-type.application";
		};
/* End PBXNativeTarget section */

/* Begin PBXProject section */
		99B3D1AD265CE365008239CE /* Project object */ = {
			isa = PBXProject;
			attributes = {
				LastSwiftUpdateCheck = 1240;
				LastUpgradeCheck = 1240;
				TargetAttributes = {
					99B3D1B4265CE365008239CE = {
						CreatedOnToolsVersion = 12.4;
					};
				};
			};
			buildConfigurationList = 99B3D1B0265CE365008239CE /* Build configuration list for PBXProject "Tasker" */;
			compatibilityVersion = "Xcode 9.3";
			developmentRegion = en;
			hasScannedForEncodings = 0;
			knownRegions = (
				en,
				Base,
			);
			mainGroup = 99B3D1AC265CE365008239CE;
			packageReferences = (
				99B3D1C8265CEC3C008239CE /* XCRemoteSwiftPackageReference "realm-cocoa" */,
			);
			productRefGroup = 99B3D1B6265CE365008239CE /* Products */;
			projectDirPath = "";
			projectRoot = "";
			targets = (
				99B3D1B4265CE365008239CE /* Tasker */,
			);
		};
/* End PBXProject section */

/* Begin PBXResourcesBuildPhase section */
		99B3D1B3265CE365008239CE /* Resources */ = {
			isa = PBXResourcesBuildPhase;
			buildActionMask = 2147483647;
			files = (
				99B3D1C0265CE366008239CE /* Preview Assets.xcassets in Resources */,
				99B3D1BD265CE366008239CE /* Assets.xcassets in Resources */,
			);
			runOnlyForDeploymentPostprocessing = 0;
		};
/* End PBXResourcesBuildPhase section */

/* Begin PBXSourcesBuildPhase section */
		99B3D1B1265CE365008239CE /* Sources */ = {
			isa = PBXSourcesBuildPhase;
			buildActionMask = 2147483647;
			files = (
				99B3D1DB265CEE60008239CE /* TaskStore.swift in Sources */,
				99B3D1D6265CED20008239CE /* Task.swift in Sources */,
				99B3D1BB265CE365008239CE /* ContentView.swift in Sources */,
				99B3D1D1265CEC62008239CE /* RealmPersistentInitializer.swift in Sources */,
				99B3D1B9265CE365008239CE /* TaskerApp.swift in Sources */,
			);
			runOnlyForDeploymentPostprocessing = 0;
		};
/* End PBXSourcesBuildPhase section */

/* Begin XCBuildConfiguration section */
		99B3D1C2265CE366008239CE /* Debug */ = {
			isa = XCBuildConfiguration;
			buildSettings = {
				ALWAYS_SEARCH_USER_PATHS = NO;
				CLANG_ANALYZER_NONNULL = YES;
				CLANG_ANALYZER_NUMBER_OBJECT_CONVERSION = YES_AGGRESSIVE;
				CLANG_CXX_LANGUAGE_STANDARD = "gnu++14";
				CLANG_CXX_LIBRARY = "libc++";
				CLANG_ENABLE_MODULES = YES;
				CLANG_ENABLE_OBJC_ARC = YES;
				CLANG_ENABLE_OBJC_WEAK = YES;
				CLANG_WARN_BLOCK_CAPTURE_AUTORELEASING = YES;
				CLANG_WARN_BOOL_CONVERSION = YES;
				CLANG_WARN_COMMA = YES;
				CLANG_WARN_CONSTANT_CONVERSION = YES;
				CLANG_WARN_DEPRECATED_OBJC_IMPLEMENTATIONS = YES;
				CLANG_WARN_DIRECT_OBJC_ISA_USAGE = YES_ERROR;
				CLANG_WARN_DOCUMENTATION_COMMENTS = YES;
				CLANG_WARN_EMPTY_BODY = YES;
				CLANG_WARN_ENUM_CONVERSION = YES;
				CLANG_WARN_INFINITE_RECURSION = YES;
				CLANG_WARN_INT_CONVERSION = YES;
				CLANG_WARN_NON_LITERAL_NULL_CONVERSION = YES;
				CLANG_WARN_OBJC_IMPLICIT_RETAIN_SELF = YES;
				CLANG_WARN_OBJC_LITERAL_CONVERSION = YES;
				CLANG_WARN_OBJC_ROOT_CLASS = YES_ERROR;
				CLANG_WARN_QUOTED_INCLUDE_IN_FRAMEWORK_HEADER = YES;
				CLANG_WARN_RANGE_LOOP_ANALYSIS = YES;
				CLANG_WARN_STRICT_PROTOTYPES = YES;
				CLANG_WARN_SUSPICIOUS_MOVE = YES;
				CLANG_WARN_UNGUARDED_AVAILABILITY = YES_AGGRESSIVE;
				CLANG_WARN_UNREACHABLE_CODE = YES;
				CLANG_WARN__DUPLICATE_METHOD_MATCH = YES;
				COPY_PHASE_STRIP = NO;
				DEBUG_INFORMATION_FORMAT = dwarf;
				ENABLE_STRICT_OBJC_MSGSEND = YES;
				ENABLE_TESTABILITY = YES;
				GCC_C_LANGUAGE_STANDARD = gnu11;
				GCC_DYNAMIC_NO_PIC = NO;
				GCC_NO_COMMON_BLOCKS = YES;
				GCC_OPTIMIZATION_LEVEL = 0;
				GCC_PREPROCESSOR_DEFINITIONS = (
					"DEBUG=1",
					"$(inherited)",
				);
				GCC_WARN_64_TO_32_BIT_CONVERSION = YES;
				GCC_WARN_ABOUT_RETURN_TYPE = YES_ERROR;
				GCC_WARN_UNDECLARED_SELECTOR = YES;
				GCC_WARN_UNINITIALIZED_AUTOS = YES_AGGRESSIVE;
				GCC_WARN_UNUSED_FUNCTION = YES;
				GCC_WARN_UNUSED_VARIABLE = YES;
				IPHONEOS_DEPLOYMENT_TARGET = 14.4;
				MTL_ENABLE_DEBUG_INFO = INCLUDE_SOURCE;
				MTL_FAST_MATH = YES;
				ONLY_ACTIVE_ARCH = YES;
				SDKROOT = iphoneos;
				SWIFT_ACTIVE_COMPILATION_CONDITIONS = DEBUG;
				SWIFT_OPTIMIZATION_LEVEL = "-Onone";
			};
			name = Debug;
		};
		99B3D1C3265CE366008239CE /* Release */ = {
			isa = XCBuildConfiguration;
			buildSettings = {
				ALWAYS_SEARCH_USER_PATHS = NO;
				CLANG_ANALYZER_NONNULL = YES;
				CLANG_ANALYZER_NUMBER_OBJECT_CONVERSION = YES_AGGRESSIVE;
				CLANG_CXX_LANGUAGE_STANDARD = "gnu++14";
				CLANG_CXX_LIBRARY = "libc++";
				CLANG_ENABLE_MODULES = YES;
				CLANG_ENABLE_OBJC_ARC = YES;
				CLANG_ENABLE_OBJC_WEAK = YES;
				CLANG_WARN_BLOCK_CAPTURE_AUTORELEASING = YES;
				CLANG_WARN_BOOL_CONVERSION = YES;
				CLANG_WARN_COMMA = YES;
				CLANG_WARN_CONSTANT_CONVERSION = YES;
				CLANG_WARN_DEPRECATED_OBJC_IMPLEMENTATIONS = YES;
				CLANG_WARN_DIRECT_OBJC_ISA_USAGE = YES_ERROR;
				CLANG_WARN_DOCUMENTATION_COMMENTS = YES;
				CLANG_WARN_EMPTY_BODY = YES;
				CLANG_WARN_ENUM_CONVERSION = YES;
				CLANG_WARN_INFINITE_RECURSION = YES;
				CLANG_WARN_INT_CONVERSION = YES;
				CLANG_WARN_NON_LITERAL_NULL_CONVERSION = YES;
				CLANG_WARN_OBJC_IMPLICIT_RETAIN_SELF = YES;
				CLANG_WARN_OBJC_LITERAL_CONVERSION = YES;
				CLANG_WARN_OBJC_ROOT_CLASS = YES_ERROR;
				CLANG_WARN_QUOTED_INCLUDE_IN_FRAMEWORK_HEADER = YES;
				CLANG_WARN_RANGE_LOOP_ANALYSIS = YES;
				CLANG_WARN_STRICT_PROTOTYPES = YES;
				CLANG_WARN_SUSPICIOUS_MOVE = YES;
				CLANG_WARN_UNGUARDED_AVAILABILITY = YES_AGGRESSIVE;
				CLANG_WARN_UNREACHABLE_CODE = YES;
				CLANG_WARN__DUPLICATE_METHOD_MATCH = YES;
				COPY_PHASE_STRIP = NO;
				DEBUG_INFORMATION_FORMAT = "dwarf-with-dsym";
				ENABLE_NS_ASSERTIONS = NO;
				ENABLE_STRICT_OBJC_MSGSEND = YES;
				GCC_C_LANGUAGE_STANDARD = gnu11;
				GCC_NO_COMMON_BLOCKS = YES;
				GCC_WARN_64_TO_32_BIT_CONVERSION = YES;
				GCC_WARN_ABOUT_RETURN_TYPE = YES_ERROR;
				GCC_WARN_UNDECLARED_SELECTOR = YES;
				GCC_WARN_UNINITIALIZED_AUTOS = YES_AGGRESSIVE;
				GCC_WARN_UNUSED_FUNCTION = YES;
				GCC_WARN_UNUSED_VARIABLE = YES;
				IPHONEOS_DEPLOYMENT_TARGET = 14.4;
				MTL_ENABLE_DEBUG_INFO = NO;
				MTL_FAST_MATH = YES;
				SDKROOT = iphoneos;
				SWIFT_COMPILATION_MODE = wholemodule;
				SWIFT_OPTIMIZATION_LEVEL = "-O";
				VALIDATE_PRODUCT = YES;
			};
			name = Release;
		};
		99B3D1C5265CE366008239CE /* Debug */ = {
			isa = XCBuildConfiguration;
			buildSettings = {
				ASSETCATALOG_COMPILER_APPICON_NAME = AppIcon;
				ASSETCATALOG_COMPILER_GLOBAL_ACCENT_COLOR_NAME = AccentColor;
				CODE_SIGN_STYLE = Automatic;
				DEVELOPMENT_ASSET_PATHS = "\"Tasker/Preview Content\"";
				DEVELOPMENT_TEAM = 69T7XDAN6X;
				ENABLE_PREVIEWS = YES;
				INFOPLIST_FILE = Tasker/Info.plist;
				IPHONEOS_DEPLOYMENT_TARGET = 14.0;
				LD_RUNPATH_SEARCH_PATHS = (
					"$(inherited)",
					"@executable_path/Frameworks",
				);
				PRODUCT_BUNDLE_IDENTIFIER = felixtesche.Tasker;
				PRODUCT_NAME = "$(TARGET_NAME)";
				SWIFT_VERSION = 5.0;
				TARGETED_DEVICE_FAMILY = "1,2";
			};
			name = Debug;
		};
		99B3D1C6265CE366008239CE /* Release */ = {
			isa = XCBuildConfiguration;
			buildSettings = {
				ASSETCATALOG_COMPILER_APPICON_NAME = AppIcon;
				ASSETCATALOG_COMPILER_GLOBAL_ACCENT_COLOR_NAME = AccentColor;
				CODE_SIGN_STYLE = Automatic;
				DEVELOPMENT_ASSET_PATHS = "\"Tasker/Preview Content\"";
				DEVELOPMENT_TEAM = 69T7XDAN6X;
				ENABLE_PREVIEWS = YES;
				INFOPLIST_FILE = Tasker/Info.plist;
				IPHONEOS_DEPLOYMENT_TARGET = 14.0;
				LD_RUNPATH_SEARCH_PATHS = (
					"$(inherited)",
					"@executable_path/Frameworks",
				);
				PRODUCT_BUNDLE_IDENTIFIER = felixtesche.Tasker;
				PRODUCT_NAME = "$(TARGET_NAME)";
				SWIFT_VERSION = 5.0;
				TARGETED_DEVICE_FAMILY = "1,2";
			};
			name = Release;
		};
/* End XCBuildConfiguration section */

/* Begin XCConfigurationList section */
		99B3D1B0265CE365008239CE /* Build configuration list for PBXProject "Tasker" */ = {
			isa = XCConfigurationList;
			buildConfigurations = (
				99B3D1C2265CE366008239CE /* Debug */,
				99B3D1C3265CE366008239CE /* Release */,
			);
			defaultConfigurationIsVisible = 0;
			defaultConfigurationName = Release;
		};
		99B3D1C4265CE366008239CE /* Build configuration list for PBXNativeTarget "Tasker" */ = {
			isa = XCConfigurationList;
			buildConfigurations = (
				99B3D1C5265CE366008239CE /* Debug */,
				99B3D1C6265CE366008239CE /* Release */,
			);
			defaultConfigurationIsVisible = 0;
			defaultConfigurationName = Release;
		};
/* End XCConfigurationList section */

/* Begin XCRemoteSwiftPackageReference section */
		99B3D1C8265CEC3C008239CE /* XCRemoteSwiftPackageReference "realm-cocoa" */ = {
			isa = XCRemoteSwiftPackageReference;
			repositoryURL = "https://github.com/realm/realm-cocoa.git";
			requirement = {
				kind = upToNextMajorVersion;
				minimumVersion = 10.7.6;
			};
		};
/* End XCRemoteSwiftPackageReference section */

/* Begin XCSwiftPackageProductDependency section */
		99B3D1C9265CEC3C008239CE /* Realm */ = {
			isa = XCSwiftPackageProductDependency;
			package = 99B3D1C8265CEC3C008239CE /* XCRemoteSwiftPackageReference "realm-cocoa" */;
			productName = Realm;
		};
		99B3D1CB265CEC3C008239CE /* RealmSwift */ = {
			isa = XCSwiftPackageProductDependency;
			package = 99B3D1C8265CEC3C008239CE /* XCRemoteSwiftPackageReference "realm-cocoa" */;
			productName = RealmSwift;
		};
/* End XCSwiftPackageProductDependency section */
	};
	rootObject = 99B3D1AD265CE365008239CE /* Project object */;
}
